Microsoft Visual Studio Solution File, Format Version 12.00
# Visual Studio Version 17
VisualStudioVersion = 17.0.32112.339
MinimumVisualStudioVersion = 10.0.40219.1
Project("{2150E333-8FDC-42A3-9474-1A3956D46DE8}") = "Solution Items", "Solution Items", "{83A5F16C-8623-46F8-BA91-8850C4CD8CBB}"
	ProjectSection(SolutionItems) = preProject
		.editorconfig = .editorconfig
		Directory.Build.props = Directory.Build.props
		LICENSE.md = LICENSE.md
		Notes.txt = Notes.txt
		README.md = README.md
	EndProjectSection
EndProject
Project("{9A19103F-16F7-4668-BE54-9A1E7A4F7556}") = "Quixo.Framework", "Quixo.Framework\Quixo.Framework.csproj", "{5C52A24D-5062-4160-9B00-C696DF6B3734}"
EndProject
Project("{9A19103F-16F7-4668-BE54-9A1E7A4F7556}") = "Quixo.Framework.Tests", "Quixo.Framework.Tests\Quixo.Framework.Tests.csproj", "{A7BBA197-F77A-4DC6-863C-9A2853DE242E}"
EndProject
Project("{9A19103F-16F7-4668-BE54-9A1E7A4F7556}") = "Quixo.Engine", "Quixo.Engine\Quixo.Engine.csproj", "{378EF77C-CE6E-4079-A632-4BFF694054D1}"
EndProject
Project("{9A19103F-16F7-4668-BE54-9A1E7A4F7556}") = "Quixo.Engine.Tests", "Quixo.Engine.Tests\Quixo.Engine.Tests.csproj", "{A7E3353C-C0C7-4CD7-AD12-0F0F2D041C05}"
EndProject
Project("{9A19103F-16F7-4668-BE54-9A1E7A4F7556}") = "Quixo.SmartEngine", "Quixo.SmartEngine\Quixo.SmartEngine.csproj", "{2716DDD2-9540-4D38-A9E0-EC899094E7D7}"
EndProject
Project("{9A19103F-16F7-4668-BE54-9A1E7A4F7556}") = "Quixo.SmartEngine.Tests", "Quixo.SmartEngine.Tests\Quixo.SmartEngine.Tests.csproj", "{6E437B1F-552D-41F7-A261-D781F3BDDD21}"
EndProject
Project("{FAE04EC0-301F-11D3-BF4B-00C04F79EFBC}") = "Quixo", "Quixo\Quixo.csproj", "{F9676C06-D8FD-4D05-9FDF-4118CEDD35C5}"
EndProject
Global
	GlobalSection(SolutionConfigurationPlatforms) = preSolution
		Debug|Any CPU = Debug|Any CPU
		Release|Any CPU = Release|Any CPU
	EndGlobalSection
	GlobalSection(ProjectConfigurationPlatforms) = postSolution
		{5C52A24D-5062-4160-9B00-C696DF6B3734}.Debug|Any CPU.ActiveCfg = Debug|Any CPU
		{5C52A24D-5062-4160-9B00-C696DF6B3734}.Debug|Any CPU.Build.0 = Debug|Any CPU
		{5C52A24D-5062-4160-9B00-C696DF6B3734}.Release|Any CPU.ActiveCfg = Release|Any CPU
		{5C52A24D-5062-4160-9B00-C696DF6B3734}.Release|Any CPU.Build.0 = Release|Any CPU
		{A7BBA197-F77A-4DC6-863C-9A2853DE242E}.Debug|Any CPU.ActiveCfg = Debug|Any CPU
		{A7BBA197-F77A-4DC6-863C-9A2853DE242E}.Debug|Any CPU.Build.0 = Debug|Any CPU
		{A7BBA197-F77A-4DC6-863C-9A2853DE242E}.Release|Any CPU.ActiveCfg = Release|Any CPU
		{A7BBA197-F77A-4DC6-863C-9A2853DE242E}.Release|Any CPU.Build.0 = Release|Any CPU
		{378EF77C-CE6E-4079-A632-4BFF694054D1}.Debug|Any CPU.ActiveCfg = Debug|Any CPU
		{378EF77C-CE6E-4079-A632-4BFF694054D1}.Debug|Any CPU.Build.0 = Debug|Any CPU
		{378EF77C-CE6E-4079-A632-4BFF694054D1}.Release|Any CPU.ActiveCfg = Release|Any CPU
		{378EF77C-CE6E-4079-A632-4BFF694054D1}.Release|Any CPU.Build.0 = Release|Any CPU
		{A7E3353C-C0C7-4CD7-AD12-0F0F2D041C05}.Debug|Any CPU.ActiveCfg = Debug|Any CPU
		{A7E3353C-C0C7-4CD7-AD12-0F0F2D041C05}.Debug|Any CPU.Build.0 = Debug|Any CPU
		{A7E3353C-C0C7-4CD7-AD12-0F0F2D041C05}.Release|Any CPU.ActiveCfg = Release|Any CPU
		{A7E3353C-C0C7-4CD7-AD12-0F0F2D041C05}.Release|Any CPU.Build.0 = Release|Any CPU
		{2716DDD2-9540-4D38-A9E0-EC899094E7D7}.Debug|Any CPU.ActiveCfg = Debug|Any CPU
		{2716DDD2-9540-4D38-A9E0-EC899094E7D7}.Debug|Any CPU.Build.0 = Debug|Any CPU
		{2716DDD2-9540-4D38-A9E0-EC899094E7D7}.Release|Any CPU.ActiveCfg = Release|Any CPU
		{2716DDD2-9540-4D38-A9E0-EC899094E7D7}.Release|Any CPU.Build.0 = Release|Any CPU
		{6E437B1F-552D-41F7-A261-D781F3BDDD21}.Debug|Any CPU.ActiveCfg = Debug|Any CPU
		{6E437B1F-552D-41F7-A261-D781F3BDDD21}.Debug|Any CPU.Build.0 = Debug|Any CPU
		{6E437B1F-552D-41F7-A261-D781F3BDDD21}.Release|Any CPU.ActiveCfg = Release|Any CPU
		{6E437B1F-552D-41F7-A261-D781F3BDDD21}.Release|Any CPU.Build.0 = Release|Any CPU
		{F9676C06-D8FD-4D05-9FDF-4118CEDD35C5}.Debug|Any CPU.ActiveCfg = Debug|Any CPU
		{F9676C06-D8FD-4D05-9FDF-4118CEDD35C5}.Debug|Any CPU.Build.0 = Debug|Any CPU
		{F9676C06-D8FD-4D05-9FDF-4118CEDD35C5}.Release|Any CPU.ActiveCfg = Release|Any CPU
		{F9676C06-D8FD-4D05-9FDF-4118CEDD35C5}.Release|Any CPU.Build.0 = Release|Any CPU
	EndGlobalSection
	GlobalSection(SolutionProperties) = preSolution
		HideSolutionNode = FALSE
	EndGlobalSection
	GlobalSection(ExtensibilityGlobals) = postSolution
		SolutionGuid = {1A7052CD-DC79-4508-B22D-BA6229599E69}
	EndGlobalSection
EndGlobal
